{
  "requires": true,
  "lockfileVersion": 1,
  "dependencies": {
    "validate-phone-number-node-js": {
      "version": "0.0.1",
      "resolved": "https://registry.npmjs.org/validate-phone-number-node-js/-/validate-phone-number-node-js-0.0.1.tgz",
      "integrity": "sha512-A9yVgLOYLyLhGKPFOxGsar9jQK/Ti4TKvEUrklQ26KWRxcV6xw9EzBBD9dCX6S+SeczxCuQgO1u3I/ne2tABYw=="
    }
  }
}
